# THIS IS AN AUTOGENERATED FILE. DO NOT EDIT THIS FILE DIRECTLY.
# yarn lockfile v1


rails-ujs@^5.2.3:
  version "5.2.3"
  resolved "https://registry.yarnpkg.com/rails-ujs/-/rails-ujs-5.2.3.tgz#4b65ea781a6befe62e96da6362165286a1fe4099"
  integrity sha512-rYgj185MowWFBJI1wdac2FkX4yFYe4+3jJPlB+CTY7a4rmIyg0TqE4vYZmSBBesp7blPUa57oqKzwQjN7eVbEQ==
